
Microsoft Visual Studio Solution File, Format Version 12.00
# Visual Studio Version 17
VisualStudioVersion = 17.8.34525.116
MinimumVisualStudioVersion = 10.0.40219.1
Project("{FAE04EC0-301F-11D3-BF4B-00C04F79EFBC}") = "MovieReviewWebAPI", "MovieReviewWebAPI\MovieReviewWebAPI.csproj", "{A959BC30-E484-4DCC-8F61-4B551E8CA207}"
EndProject
Global
	GlobalSection(SolutionConfigurationPlatforms) = preSolution
		Debug|Any CPU = Debug|Any CPU
		Release|Any CPU = Release|Any CPU
	EndGlobalSection
	GlobalSection(ProjectConfigurationPlatforms) = postSolution
		{A959BC30-E484-4DCC-8F61-4B551E8CA207}.Debug|Any CPU.ActiveCfg = Debug|Any CPU
		{A959BC30-E484-4DCC-8F61-4B551E8CA207}.Debug|Any CPU.Build.0 = Debug|Any CPU
		{A959BC30-E484-4DCC-8F61-4B551E8CA207}.Release|Any CPU.ActiveCfg = Release|Any CPU
		{A959BC30-E484-4DCC-8F61-4B551E8CA207}.Release|Any CPU.Build.0 = Release|Any CPU
	EndGlobalSection
	GlobalSection(SolutionProperties) = preSolution
		HideSolutionNode = FALSE
	EndGlobalSection
	GlobalSection(ExtensibilityGlobals) = postSolution
		SolutionGuid = {6E8CAF22-C601-42F0-9887-AF449DB48804}
	EndGlobalSection
EndGlobal
